<?xml version="1.0" encoding="utf-8"?>
<Project ToolsVersion="4.0" xmlns="http://schemas.microsoft.com/developer/msbuild/2003">
  <ItemGroup>
    <Filter Include="God">
      <UniqueIdentifier>{8b830153-74d6-4574-8486-2df5742f8b4f}</UniqueIdentifier>
    </Filter>
    <Filter Include="util">
      <UniqueIdentifier>{c92a04d6-f261-4ffd-ae00-00bf51acb22c}</UniqueIdentifier>
    </Filter>
    <Filter Include="Character">
      <UniqueIdentifier>{89878e5a-c2dc-44bc-86a8-bc8a10281917}</UniqueIdentifier>
    </Filter>
    <Filter Include="Player">
      <UniqueIdentifier>{e4904712-51e5-40ab-a71f-30d9032604de}</UniqueIdentifier>
    </Filter>
    <Filter Include="Enemy">
      <UniqueIdentifier>{8fbb1824-eed1-4ecb-a54c-540bd81b2fff}</UniqueIdentifier>
    </Filter>
    <Filter Include="CameraWork">
      <UniqueIdentifier>{f144f6b2-afc2-42f0-8590-d906051fd229}</UniqueIdentifier>
    </Filter>
    <Filter Include="OBB">
      <UniqueIdentifier>{eb9e557b-3520-412f-a0ee-3c1069f4873d}</UniqueIdentifier>
    </Filter>
    <Filter Include="JudgeMan">
      <UniqueIdentifier>{5973182d-3d56-46f6-ab33-42fa14b06677}</UniqueIdentifier>
    </Filter>
  </ItemGroup>
  <ItemGroup>
    <ClCompile Include="src\WinMain.cpp" />
    <ClCompile Include="src\God.cpp">
      <Filter>God</Filter>
    </ClCompile>
    <ClCompile Include="src\compute_bounding.cpp">
      <Filter>util</Filter>
    </ClCompile>
    <ClCompile Include="src\Character.cpp">
      <Filter>Character</Filter>
    </ClCompile>
    <ClCompile Include="src\Player.cpp">
      <Filter>Player</Filter>
    </ClCompile>
    <ClCompile Include="src\Enemy.cpp">
      <Filter>Enemy</Filter>
    </ClCompile>
    <ClCompile Include="src\CameraWork.cpp">
      <Filter>CameraWork</Filter>
    </ClCompile>
    <ClCompile Include="src\OBB.cpp">
      <Filter>OBB</Filter>
    </ClCompile>
    <ClCompile Include="src\JudgeMan.cpp">
      <Filter>JudgeMan</Filter>
    </ClCompile>
  </ItemGroup>
  <ItemGroup>
    <ClInclude Include="src\God.h">
      <Filter>God</Filter>
    </ClInclude>
    <ClInclude Include="src\util.h">
      <Filter>util</Filter>
    </ClInclude>
    <ClInclude Include="src\Character.h">
      <Filter>Character</Filter>
    </ClInclude>
    <ClInclude Include="src\Player.h">
      <Filter>Player</Filter>
    </ClInclude>
    <ClInclude Include="src\Enemy.h">
      <Filter>Enemy</Filter>
    </ClInclude>
    <ClInclude Include="src\CameraWork.h">
      <Filter>CameraWork</Filter>
    </ClInclude>
    <ClInclude Include="src\OBB.h">
      <Filter>OBB</Filter>
    </ClInclude>
    <ClInclude Include="src\JudgeMan.h">
      <Filter>JudgeMan</Filter>
    </ClInclude>
  </ItemGroup>
</Project>